
Microsoft Visual Studio Solution File, Format Version 12.00
# Visual Studio Version 16
VisualStudioVersion = 16.0.32002.261
MinimumVisualStudioVersion = 10.0.40219.1
Project("{FAE04EC0-301F-11D3-BF4B-00C04F79EFBC}") = "Custom PDDIR Swapper", "Custom PDDIR Swapper\Custom PDDIR Swapper.csproj", "{5A5C2F69-7EC4-4538-B4C7-D2923AACAB74}"
EndProject
Global
	GlobalSection(SolutionConfigurationPlatforms) = preSolution
		Debug|Any CPU = Debug|Any CPU
		Release|Any CPU = Release|Any CPU
	EndGlobalSection
	GlobalSection(ProjectConfigurationPlatforms) = postSolution
		{5A5C2F69-7EC4-4538-B4C7-D2923AACAB74}.Debug|Any CPU.ActiveCfg = Debug|Any CPU
		{5A5C2F69-7EC4-4538-B4C7-D2923AACAB74}.Debug|Any CPU.Build.0 = Debug|Any CPU
		{5A5C2F69-7EC4-4538-B4C7-D2923AACAB74}.Release|Any CPU.ActiveCfg = Release|Any CPU
		{5A5C2F69-7EC4-4538-B4C7-D2923AACAB74}.Release|Any CPU.Build.0 = Release|Any CPU
	EndGlobalSection
	GlobalSection(SolutionProperties) = preSolution
		HideSolutionNode = FALSE
	EndGlobalSection
	GlobalSection(ExtensibilityGlobals) = postSolution
		SolutionGuid = {E27A4CFB-8C91-4735-A28C-514506DCD70C}
	EndGlobalSection
EndGlobal
